
Microsoft Visual Studio Solution File, Format Version 12.00
# Visual Studio Express 2012 for Web
Project("{FAE04EC0-301F-11D3-BF4B-00C04F79EFBC}") = "SIADISC", "SIADISC\SIADISC.csproj", "{11096775-7AF5-429A-825F-A89A0D258383}"
EndProject
Project("{FAE04EC0-301F-11D3-BF4B-00C04F79EFBC}") = "SIADISC2", "SIADISC2\SIADISC2.csproj", "{5697B1E4-8659-41F0-8766-6899E7930CD9}"
EndProject
Global
	GlobalSection(SolutionConfigurationPlatforms) = preSolution
		Debug|Any CPU = Debug|Any CPU
		Release|Any CPU = Release|Any CPU
	EndGlobalSection
	GlobalSection(ProjectConfigurationPlatforms) = postSolution
		{11096775-7AF5-429A-825F-A89A0D258383}.Debug|Any CPU.ActiveCfg = Debug|Any CPU
		{11096775-7AF5-429A-825F-A89A0D258383}.Debug|Any CPU.Build.0 = Debug|Any CPU
		{11096775-7AF5-429A-825F-A89A0D258383}.Release|Any CPU.ActiveCfg = Release|Any CPU
		{11096775-7AF5-429A-825F-A89A0D258383}.Release|Any CPU.Build.0 = Release|Any CPU
		{5697B1E4-8659-41F0-8766-6899E7930CD9}.Debug|Any CPU.ActiveCfg = Debug|Any CPU
		{5697B1E4-8659-41F0-8766-6899E7930CD9}.Debug|Any CPU.Build.0 = Debug|Any CPU
		{5697B1E4-8659-41F0-8766-6899E7930CD9}.Release|Any CPU.ActiveCfg = Release|Any CPU
		{5697B1E4-8659-41F0-8766-6899E7930CD9}.Release|Any CPU.Build.0 = Release|Any CPU
	EndGlobalSection
	GlobalSection(SolutionProperties) = preSolution
		HideSolutionNode = FALSE
	EndGlobalSection
EndGlobal
